
Microsoft Visual Studio Solution File, Format Version 12.00
# Visual Studio Version 16
VisualStudioVersion = 16.0.30002.166
MinimumVisualStudioVersion = 10.0.40219.1
Project("{FAE04EC0-301F-11D3-BF4B-00C04F79EFBC}") = "TestCheckGIT", "TestCheckGIT\TestCheckGIT.csproj", "{214E7E30-DEC9-4B3C-A38A-2A53F1DA04C3}"
EndProject
Global
	GlobalSection(SolutionConfigurationPlatforms) = preSolution
		Debug|Any CPU = Debug|Any CPU
		Release|Any CPU = Release|Any CPU
	EndGlobalSection
	GlobalSection(ProjectConfigurationPlatforms) = postSolution
		{214E7E30-DEC9-4B3C-A38A-2A53F1DA04C3}.Debug|Any CPU.ActiveCfg = Debug|Any CPU
		{214E7E30-DEC9-4B3C-A38A-2A53F1DA04C3}.Debug|Any CPU.Build.0 = Debug|Any CPU
		{214E7E30-DEC9-4B3C-A38A-2A53F1DA04C3}.Release|Any CPU.ActiveCfg = Release|Any CPU
		{214E7E30-DEC9-4B3C-A38A-2A53F1DA04C3}.Release|Any CPU.Build.0 = Release|Any CPU
	EndGlobalSection
	GlobalSection(SolutionProperties) = preSolution
		HideSolutionNode = FALSE
	EndGlobalSection
	GlobalSection(ExtensibilityGlobals) = postSolution
		SolutionGuid = {897D5F49-764B-477E-B7EF-EE17CA645525}
	EndGlobalSection
EndGlobal
